
Microsoft Visual Studio Solution File, Format Version 12.00
# Visual Studio Version 16
VisualStudioVersion = 16.0.31112.23
MinimumVisualStudioVersion = 10.0.40219.1
Project("{9A19103F-16F7-4668-BE54-9A1E7A4F7556}") = "DecaBank.Presentation", "DecaBank.Presentation\DecaBank.Presentation.csproj", "{B1C5EE44-D358-4BBE-8883-15A315ACE70D}"
EndProject
Project("{9A19103F-16F7-4668-BE54-9A1E7A4F7556}") = "DecaBank.Data", "DecaBank.Data\DecaBank.Data.csproj", "{735F709C-A7F7-4C8B-9133-40FE8ABB1DD7}"
EndProject
Project("{9A19103F-16F7-4668-BE54-9A1E7A4F7556}") = "DecaBank.Tests", "DecaBank.Tests\DecaBank.Tests.csproj", "{4BC9FE30-10E3-47AF-A845-B96E7497C35C}"
EndProject
Project("{9A19103F-16F7-4668-BE54-9A1E7A4F7556}") = "DecaBank.Core", "DecaBank.Core\DecaBank.Core.csproj", "{4F22E182-E394-4441-A368-FEA6F251F967}"
EndProject
Project("{FAE04EC0-301F-11D3-BF4B-00C04F79EFBC}") = "DecaBank.Model", "DecaBank.Model\DecaBank.Model.csproj", "{EE374F7B-42BB-4AEA-A037-EEE77A6BDB31}"
EndProject
Global
	GlobalSection(SolutionConfigurationPlatforms) = preSolution
		Debug|Any CPU = Debug|Any CPU
		Release|Any CPU = Release|Any CPU
	EndGlobalSection
	GlobalSection(ProjectConfigurationPlatforms) = postSolution
		{B1C5EE44-D358-4BBE-8883-15A315ACE70D}.Debug|Any CPU.ActiveCfg = Debug|Any CPU
		{B1C5EE44-D358-4BBE-8883-15A315ACE70D}.Debug|Any CPU.Build.0 = Debug|Any CPU
		{B1C5EE44-D358-4BBE-8883-15A315ACE70D}.Release|Any CPU.ActiveCfg = Release|Any CPU
		{B1C5EE44-D358-4BBE-8883-15A315ACE70D}.Release|Any CPU.Build.0 = Release|Any CPU
		{735F709C-A7F7-4C8B-9133-40FE8ABB1DD7}.Debug|Any CPU.ActiveCfg = Debug|Any CPU
		{735F709C-A7F7-4C8B-9133-40FE8ABB1DD7}.Debug|Any CPU.Build.0 = Debug|Any CPU
		{735F709C-A7F7-4C8B-9133-40FE8ABB1DD7}.Release|Any CPU.ActiveCfg = Release|Any CPU
		{735F709C-A7F7-4C8B-9133-40FE8ABB1DD7}.Release|Any CPU.Build.0 = Release|Any CPU
		{4BC9FE30-10E3-47AF-A845-B96E7497C35C}.Debug|Any CPU.ActiveCfg = Debug|Any CPU
		{4BC9FE30-10E3-47AF-A845-B96E7497C35C}.Debug|Any CPU.Build.0 = Debug|Any CPU
		{4BC9FE30-10E3-47AF-A845-B96E7497C35C}.Release|Any CPU.ActiveCfg = Release|Any CPU
		{4BC9FE30-10E3-47AF-A845-B96E7497C35C}.Release|Any CPU.Build.0 = Release|Any CPU
		{4F22E182-E394-4441-A368-FEA6F251F967}.Debug|Any CPU.ActiveCfg = Debug|Any CPU
		{4F22E182-E394-4441-A368-FEA6F251F967}.Debug|Any CPU.Build.0 = Debug|Any CPU
		{4F22E182-E394-4441-A368-FEA6F251F967}.Release|Any CPU.ActiveCfg = Release|Any CPU
		{4F22E182-E394-4441-A368-FEA6F251F967}.Release|Any CPU.Build.0 = Release|Any CPU
		{EE374F7B-42BB-4AEA-A037-EEE77A6BDB31}.Debug|Any CPU.ActiveCfg = Debug|Any CPU
		{EE374F7B-42BB-4AEA-A037-EEE77A6BDB31}.Debug|Any CPU.Build.0 = Debug|Any CPU
		{EE374F7B-42BB-4AEA-A037-EEE77A6BDB31}.Release|Any CPU.ActiveCfg = Release|Any CPU
		{EE374F7B-42BB-4AEA-A037-EEE77A6BDB31}.Release|Any CPU.Build.0 = Release|Any CPU
	EndGlobalSection
	GlobalSection(SolutionProperties) = preSolution
		HideSolutionNode = FALSE
	EndGlobalSection
	GlobalSection(ExtensibilityGlobals) = postSolution
		SolutionGuid = {30D7C21E-456E-4B85-B528-D69767BEFB42}
	EndGlobalSection
EndGlobal
